
Microsoft Visual Studio Solution File, Format Version 12.00
# Visual Studio Version 17
VisualStudioVersion = 17.4.33110.190
MinimumVisualStudioVersion = 10.0.40219.1
Project("{FAE04EC0-301F-11D3-BF4B-00C04F79EFBC}") = "Finway.Assessment.API", "Finway.Assessment\Finway.Assessment.API.csproj", "{DF9FFE7F-AC52-4B15-8704-5EC5DD621A84}"
EndProject
Project("{FAE04EC0-301F-11D3-BF4B-00C04F79EFBC}") = "Finway.Assessment.BLL", "Finway.Assessment.BLL\Finway.Assessment.BLL.csproj", "{60926292-DFEE-4F9A-9796-3EF89CEA0DB6}"
EndProject
Project("{FAE04EC0-301F-11D3-BF4B-00C04F79EFBC}") = "Finway.Assessment.DAL", "Finway.Assessment.DAL\Finway.Assessment.DAL.csproj", "{3AE9B616-8DEA-41A9-A319-E02468F779E7}"
EndProject
Global
	GlobalSection(SolutionConfigurationPlatforms) = preSolution
		Debug|Any CPU = Debug|Any CPU
		Release|Any CPU = Release|Any CPU
	EndGlobalSection
	GlobalSection(ProjectConfigurationPlatforms) = postSolution
		{DF9FFE7F-AC52-4B15-8704-5EC5DD621A84}.Debug|Any CPU.ActiveCfg = Debug|Any CPU
		{DF9FFE7F-AC52-4B15-8704-5EC5DD621A84}.Debug|Any CPU.Build.0 = Debug|Any CPU
		{DF9FFE7F-AC52-4B15-8704-5EC5DD621A84}.Release|Any CPU.ActiveCfg = Release|Any CPU
		{DF9FFE7F-AC52-4B15-8704-5EC5DD621A84}.Release|Any CPU.Build.0 = Release|Any CPU
		{60926292-DFEE-4F9A-9796-3EF89CEA0DB6}.Debug|Any CPU.ActiveCfg = Debug|Any CPU
		{60926292-DFEE-4F9A-9796-3EF89CEA0DB6}.Debug|Any CPU.Build.0 = Debug|Any CPU
		{60926292-DFEE-4F9A-9796-3EF89CEA0DB6}.Release|Any CPU.ActiveCfg = Release|Any CPU
		{60926292-DFEE-4F9A-9796-3EF89CEA0DB6}.Release|Any CPU.Build.0 = Release|Any CPU
		{3AE9B616-8DEA-41A9-A319-E02468F779E7}.Debug|Any CPU.ActiveCfg = Debug|Any CPU
		{3AE9B616-8DEA-41A9-A319-E02468F779E7}.Debug|Any CPU.Build.0 = Debug|Any CPU
		{3AE9B616-8DEA-41A9-A319-E02468F779E7}.Release|Any CPU.ActiveCfg = Release|Any CPU
		{3AE9B616-8DEA-41A9-A319-E02468F779E7}.Release|Any CPU.Build.0 = Release|Any CPU
	EndGlobalSection
	GlobalSection(SolutionProperties) = preSolution
		HideSolutionNode = FALSE
	EndGlobalSection
	GlobalSection(ExtensibilityGlobals) = postSolution
		SolutionGuid = {F2294CC8-EBE5-46DD-98AF-BC92F8557CF9}
	EndGlobalSection
EndGlobal
